
Microsoft Visual Studio Solution File, Format Version 12.00
# Visual Studio Version 16
VisualStudioVersion = 16.0.29806.167
MinimumVisualStudioVersion = 10.0.40219.1
Project("{2150E333-8FDC-42A3-9474-1A3956D46DE8}") = "Presentation", "Presentation", "{273BA5DC-29E8-4ECA-881C-F3B19353399F}"
EndProject
Project("{9A19103F-16F7-4668-BE54-9A1E7A4F7556}") = "BinaryToDecimal-Console", "BinaryToDecimal-Console\BinaryToDecimal-Console.csproj", "{39C75AF6-92FA-48B6-B3F9-B41C6C9823AD}"
EndProject
Project("{2150E333-8FDC-42A3-9474-1A3956D46DE8}") = "Application", "Application", "{91E01C70-6893-4818-B586-2C88B7E4A0C4}"
EndProject
Project("{9A19103F-16F7-4668-BE54-9A1E7A4F7556}") = "BinaryToDecimal-Application", "BinaryToDecimal-Application\BinaryToDecimal-Application.csproj", "{81B3D281-3558-41D5-BCB4-B879B8C6EF05}"
EndProject
Project("{9A19103F-16F7-4668-BE54-9A1E7A4F7556}") = "BinaryToDecimal-ApplicationTests", "BinaryToDecimal-ApplicationTests\BinaryToDecimal-ApplicationTests.csproj", "{5E4640BA-9855-434E-A7CD-7FAB60938297}"
EndProject
Global
	GlobalSection(SolutionConfigurationPlatforms) = preSolution
		Debug|Any CPU = Debug|Any CPU
		Release|Any CPU = Release|Any CPU
	EndGlobalSection
	GlobalSection(ProjectConfigurationPlatforms) = postSolution
		{39C75AF6-92FA-48B6-B3F9-B41C6C9823AD}.Debug|Any CPU.ActiveCfg = Debug|Any CPU
		{39C75AF6-92FA-48B6-B3F9-B41C6C9823AD}.Debug|Any CPU.Build.0 = Debug|Any CPU
		{39C75AF6-92FA-48B6-B3F9-B41C6C9823AD}.Release|Any CPU.ActiveCfg = Release|Any CPU
		{39C75AF6-92FA-48B6-B3F9-B41C6C9823AD}.Release|Any CPU.Build.0 = Release|Any CPU
		{81B3D281-3558-41D5-BCB4-B879B8C6EF05}.Debug|Any CPU.ActiveCfg = Debug|Any CPU
		{81B3D281-3558-41D5-BCB4-B879B8C6EF05}.Debug|Any CPU.Build.0 = Debug|Any CPU
		{81B3D281-3558-41D5-BCB4-B879B8C6EF05}.Release|Any CPU.ActiveCfg = Release|Any CPU
		{81B3D281-3558-41D5-BCB4-B879B8C6EF05}.Release|Any CPU.Build.0 = Release|Any CPU
		{5E4640BA-9855-434E-A7CD-7FAB60938297}.Debug|Any CPU.ActiveCfg = Debug|Any CPU
		{5E4640BA-9855-434E-A7CD-7FAB60938297}.Debug|Any CPU.Build.0 = Debug|Any CPU
		{5E4640BA-9855-434E-A7CD-7FAB60938297}.Release|Any CPU.ActiveCfg = Release|Any CPU
		{5E4640BA-9855-434E-A7CD-7FAB60938297}.Release|Any CPU.Build.0 = Release|Any CPU
	EndGlobalSection
	GlobalSection(SolutionProperties) = preSolution
		HideSolutionNode = FALSE
	EndGlobalSection
	GlobalSection(NestedProjects) = preSolution
		{39C75AF6-92FA-48B6-B3F9-B41C6C9823AD} = {273BA5DC-29E8-4ECA-881C-F3B19353399F}
		{81B3D281-3558-41D5-BCB4-B879B8C6EF05} = {91E01C70-6893-4818-B586-2C88B7E4A0C4}
		{5E4640BA-9855-434E-A7CD-7FAB60938297} = {273BA5DC-29E8-4ECA-881C-F3B19353399F}
	EndGlobalSection
	GlobalSection(ExtensibilityGlobals) = postSolution
		SolutionGuid = {7B421B26-DA54-4E87-B3BA-6CABA89106A0}
	EndGlobalSection
EndGlobal
